
Microsoft Visual Studio Solution File, Format Version 12.00
# Visual Studio Version 17
VisualStudioVersion = 17.5.2.0
MinimumVisualStudioVersion = 10.0.40219.1
Project("{FAE04EC0-301F-11D3-BF4B-00C04F79EFBC}") = "ParkEase.Auth", "ParkEase.Auth\ParkEase.Auth.csproj", "{1729A770-51B0-69BA-27F3-E309E6DD7176}"
EndProject
Project("{FAE04EC0-301F-11D3-BF4B-00C04F79EFBC}") = "ParkEase.Vehicle", "ParkEase.Vehicle\ParkEase.Vehicle.csproj", "{3A33EB4A-892A-464D-9A96-A0CF86CD6B49}"
EndProject
Global
	GlobalSection(SolutionConfigurationPlatforms) = preSolution
		Debug|Any CPU = Debug|Any CPU
		Debug|x64 = Debug|x64
		Debug|x86 = Debug|x86
		Release|Any CPU = Release|Any CPU
		Release|x64 = Release|x64
		Release|x86 = Release|x86
	EndGlobalSection
	GlobalSection(ProjectConfigurationPlatforms) = postSolution
		{1729A770-51B0-69BA-27F3-E309E6DD7176}.Debug|Any CPU.ActiveCfg = Debug|Any CPU
		{1729A770-51B0-69BA-27F3-E309E6DD7176}.Debug|Any CPU.Build.0 = Debug|Any CPU
		{1729A770-51B0-69BA-27F3-E309E6DD7176}.Debug|x64.ActiveCfg = Debug|Any CPU
		{1729A770-51B0-69BA-27F3-E309E6DD7176}.Debug|x64.Build.0 = Debug|Any CPU
		{1729A770-51B0-69BA-27F3-E309E6DD7176}.Debug|x86.ActiveCfg = Debug|Any CPU
		{1729A770-51B0-69BA-27F3-E309E6DD7176}.Debug|x86.Build.0 = Debug|Any CPU
		{1729A770-51B0-69BA-27F3-E309E6DD7176}.Release|Any CPU.ActiveCfg = Release|Any CPU
		{1729A770-51B0-69BA-27F3-E309E6DD7176}.Release|Any CPU.Build.0 = Release|Any CPU
		{1729A770-51B0-69BA-27F3-E309E6DD7176}.Release|x64.ActiveCfg = Release|Any CPU
		{1729A770-51B0-69BA-27F3-E309E6DD7176}.Release|x64.Build.0 = Release|Any CPU
		{1729A770-51B0-69BA-27F3-E309E6DD7176}.Release|x86.ActiveCfg = Release|Any CPU
		{1729A770-51B0-69BA-27F3-E309E6DD7176}.Release|x86.Build.0 = Release|Any CPU
		{3A33EB4A-892A-464D-9A96-A0CF86CD6B49}.Debug|Any CPU.ActiveCfg = Debug|Any CPU
		{3A33EB4A-892A-464D-9A96-A0CF86CD6B49}.Debug|Any CPU.Build.0 = Debug|Any CPU
		{3A33EB4A-892A-464D-9A96-A0CF86CD6B49}.Debug|x64.ActiveCfg = Debug|Any CPU
		{3A33EB4A-892A-464D-9A96-A0CF86CD6B49}.Debug|x64.Build.0 = Debug|Any CPU
		{3A33EB4A-892A-464D-9A96-A0CF86CD6B49}.Debug|x86.ActiveCfg = Debug|Any CPU
		{3A33EB4A-892A-464D-9A96-A0CF86CD6B49}.Debug|x86.Build.0 = Debug|Any CPU
		{3A33EB4A-892A-464D-9A96-A0CF86CD6B49}.Release|Any CPU.ActiveCfg = Release|Any CPU
		{3A33EB4A-892A-464D-9A96-A0CF86CD6B49}.Release|Any CPU.Build.0 = Release|Any CPU
		{3A33EB4A-892A-464D-9A96-A0CF86CD6B49}.Release|x64.ActiveCfg = Release|Any CPU
		{3A33EB4A-892A-464D-9A96-A0CF86CD6B49}.Release|x64.Build.0 = Release|Any CPU
		{3A33EB4A-892A-464D-9A96-A0CF86CD6B49}.Release|x86.ActiveCfg = Release|Any CPU
		{3A33EB4A-892A-464D-9A96-A0CF86CD6B49}.Release|x86.Build.0 = Release|Any CPU
	EndGlobalSection
	GlobalSection(SolutionProperties) = preSolution
		HideSolutionNode = FALSE
	EndGlobalSection
	GlobalSection(ExtensibilityGlobals) = postSolution
		SolutionGuid = {8C6D9435-D5D9-4E13-B42B-F7ACDC75D09B}
	EndGlobalSection
EndGlobal
